PODS:
  - FBSnapshotTestCase (2.1.4):
    - FBSnapshotTestCase/SwiftSupport (= 2.1.4)
  - FBSnapshotTestCase/Core (2.1.4)
  - FBSnapshotTestCase/SwiftSupport (2.1.4):
    - FBSnapshotTestCase/Core
  - MMSCropView (1.0.5)

DEPENDENCIES:
  - FBSnapshotTestCase
  - MMSCropView (from `../`)

EXTERNAL SOURCES:
  MMSCropView:
    :path: ../

SPEC CHECKSUMS:
  FBSnapshotTestCase: 094f9f314decbabe373b87cc339bea235a63e07a
  MMSCropView: b0bdfd636e875e3ac99ba4331869b717aa35fe55

PODFILE CHECKSUM: c93ba086d1cb6f2dbe1355d3572fea4bb7f309c5

COCOAPODS: 1.1.0.rc.3
